
Microsoft Visual Studio Solution File, Format Version 11.00
# Visual Studio 2010
Project("{FAE04EC0-301F-11D3-BF4B-00C04F79EFBC}") = "CodeCamp2012LiveAgain", "CodeCamp2012LiveAgain\CodeCamp2012LiveAgain.csproj", "{124159D8-64C5-41FE-91BF-1BF970E84325}"
EndProject
Global
	GlobalSection(SolutionConfigurationPlatforms) = preSolution
		Debug|Any CPU = Debug|Any CPU
		Release|Any CPU = Release|Any CPU
	EndGlobalSection
	GlobalSection(ProjectConfigurationPlatforms) = postSolution
		{124159D8-64C5-41FE-91BF-1BF970E84325}.Debug|Any CPU.ActiveCfg = Debug|Any CPU
		{124159D8-64C5-41FE-91BF-1BF970E84325}.Debug|Any CPU.Build.0 = Debug|Any CPU
		{124159D8-64C5-41FE-91BF-1BF970E84325}.Release|Any CPU.ActiveCfg = Release|Any CPU
		{124159D8-64C5-41FE-91BF-1BF970E84325}.Release|Any CPU.Build.0 = Release|Any CPU
	EndGlobalSection
	GlobalSection(SolutionProperties) = preSolution
		HideSolutionNode = FALSE
	EndGlobalSection
EndGlobal
